// !$*UTF8*$!
{
	archiveVersion = 1;
	classes = {
	};
	objectVersion = 46;
	objects = {

/* Begin PBXBuildFile section */
		EC63947B1C4616DE00AADB97 /* main.m in Sources */ = {isa = PBXBuildFile; fileRef = EC63947A1C4616DE00AADB97 /* main.m */; };
		EC63947E1C4616DE00AADB97 /* AppDelegate.m in Sources */ = {isa = PBXBuildFile; fileRef = EC63947D1C4616DE00AADB97 /* AppDelegate.m */; };
		EC6394811C4616DE00AADB97 /* ViewController.m in Sources */ = {isa = PBXBuildFile; fileRef = EC6394801C4616DE00AADB97 /* ViewController.m */; };
		EC6394841C4616DE00AADB97 /* Main.storyboard in Resources */ = {isa = PBXBuildFile; fileRef = EC6394821C4616DE00AADB97 /* Main.storyboard */; };
		EC6394861C4616DE00AADB97 /* Assets.xcassets in Resources */ = {isa = PBXBuildFile; fileRef = EC6394851C4616DE00AADB97 /* Assets.xcassets */; };
		EC6394891C4616DE00AADB97 /* LaunchScreen.storyboard in Resources */ = {isa = PBXBuildFile; fileRef = EC6394871C4616DE00AADB97 /* LaunchScreen.storyboard */; };
		EC6394941C4616DE00AADB97 /* DQYShowMessageTests.m in Sources */ = {isa = PBXBuildFile; fileRef = EC6394931C4616DE00AADB97 /* DQYShowMessageTests.m */; };
		EC63949F1C4616DE00AADB97 /* DQYShowMessageUITests.m in Sources */ = {isa = PBXBuildFile; fileRef = EC63949E1C4616DE00AADB97 /* DQYShowMessageUITests.m */; };
		EC6394AE1C4616FC00AADB97 /* DQYShowMessage.m in Sources */ = {isa = PBXBuildFile; fileRef = EC6394AD1C4616FC00AADB97 /* DQYShowMessage.m */; };
/* End PBXBuildFile section */

/* Begin PBXContainerItemProxy section */
		EC6394901C4616DE00AADB97 /* PBXContainerItemProxy */ = {
			isa = PBXContainerItemProxy;
			containerPortal = EC63946E1C4616DE00AADB97 /* Project object */;
			proxyType = 1;
			remoteGlobalIDString = EC6394751C4616DE00AADB97;
			remoteInfo = DQYShowMessage;
		};
		EC63949B1C4616DE00AADB97 /* PBXContainerItemProxy */ = {
			isa = PBXContainerItemProxy;
			containerPortal = EC63946E1C4616DE00AADB97 /* Project object */;
			proxyType = 1;
			remoteGlobalIDString = EC6394751C4616DE00AADB97;
			remoteInfo = DQYShowMessage;
		};
/* End PBXContainerItemProxy section */

/* Begin PBXFileReference section */
		EC6394761C4616DE00AADB97 /* DQYShowMessage.app */ = {isa = PBXFileReference; explicitFileType = wrapper.application; includeInIndex = 0; path = DQYShowMessage.app; sourceTree = BUILT_PRODUCTS_DIR; };
		EC63947A1C4616DE00AADB97 /* main.m */ = {isa = PBXFileReference; lastKnownFileType = sourcecode.c.objc; path = main.m; sourceTree = "<group>"; };
		EC63947C1C4616DE00AADB97 /* AppDelegate.h */ = {isa = PBXFileReference; lastKnownFileType = sourcecode.c.h; path = AppDelegate.h; sourceTree = "<group>"; };
		EC63947D1C4616DE00AADB97 /* AppDelegate.m */ = {isa = PBXFileReference; lastKnownFileType = sourcecode.c.objc; path = AppDelegate.m; sourceTree = "<group>"; };
		EC63947F1C4616DE00AADB97 /* ViewController.h */ = {isa = PBXFileReference; lastKnownFileType = sourcecode.c.h; path = ViewController.h; sourceTree = "<group>"; };
		EC6394801C4616DE00AADB97 /* ViewController.m */ = {isa = PBXFileReference; lastKnownFileType = sourcecode.c.objc; path = ViewController.m; sourceTree = "<group>"; };
		EC6394831C4616DE00AADB97 /* Base */ = {isa = PBXFileReference; lastKnownFileType = file.storyboard; name = Base; path = Base.lproj/Main.storyboard; sourceTree = "<group>"; };
		EC6394851C4616DE00AADB97 /* Assets.xcassets */ = {isa = PBXFileReference; lastKnownFileType = folder.assetcatalog; path = Assets.xcassets; sourceTree = "<group>"; };
		EC6394881C4616DE00AADB97 /* Base */ = {isa = PBXFileReference; lastKnownFileType = file.storyboard; name = Base; path = Base.lproj/LaunchScreen.storyboard; sourceTree = "<group>"; };
		EC63948A1C4616DE00AADB97 /* Info.plist */ = {isa = PBXFileReference; lastKnownFileType = text.plist.xml; path = Info.plist; sourceTree = "<group>"; };
		EC63948F1C4616DE00AADB97 /* DQYShowMessageTests.xctest */ = {isa = PBXFileReference; explicitFileType = wrapper.cfbundle; includeInIndex = 0; path = DQYShowMessageTests.xctest; sourceTree = BUILT_PRODUCTS_DIR; };
		EC6394931C4616DE00AADB97 /* DQYShowMessageTests.m */ = {isa = PBXFileReference; lastKnownFileType = sourcecode.c.objc; path = DQYShowMessageTests.m; sourceTree = "<group>"; };
		EC6394951C4616DE00AADB97 /* Info.plist */ = {isa = PBXFileReference; lastKnownFileType = text.plist.xml; path = Info.plist; sourceTree = "<group>"; };
		EC63949A1C4616DE00AADB97 /* DQYShowMessageUITests.xctest */ = {isa = PBXFileReference; explicitFileType = wrapper.cfbundle; includeInIndex = 0; path = DQYShowMessageUITests.xctest; sourceTree = BUILT_PRODUCTS_DIR; };
		EC63949E1C4616DE00AADB97 /* DQYShowMessageUITests.m */ = {isa = PBXFileReference; lastKnownFileType = sourcecode.c.objc; path = DQYShowMessageUITests.m; sourceTree = "<group>"; };
		EC6394A01C4616DE00AADB97 /* Info.plist */ = {isa = PBXFileReference; lastKnownFileType = text.plist.xml; path = Info.plist; sourceTree = "<group>"; };
		EC6394AC1C4616FC00AADB97 /* DQYShowMessage.h */ = {isa = PBXFileReference; fileEncoding = 4; lastKnownFileType = sourcecode.c.h; path = DQYShowMessage.h; sourceTree = "<group>"; };
		EC6394AD1C4616FC00AADB97 /* DQYShowMessage.m */ = {isa = PBXFileReference; fileEncoding = 4; lastKnownFileType = sourcecode.c.objc; path = DQYShowMessage.m; sourceTree = "<group>"; };
/* End PBXFileReference section */

/* Begin PBXFrameworksBuildPhase section */
		EC6394731C4616DE00AADB97 /* Frameworks */ = {
			isa = PBXFrameworksBuildPhase;
			buildActionMask = 2147483647;
			files = (
			);
			runOnlyForDeploymentPostprocessing = 0;
		};
		EC63948C1C4616DE00AADB97 /* Frameworks */ = {
			isa = PBXFrameworksBuildPhase;
			buildActionMask = 2147483647;
			files = (
			);
			runOnlyForDeploymentPostprocessing = 0;
		};
		EC6394971C4616DE00AADB97 /* Frameworks */ = {
			isa = PBXFrameworksBuildPhase;
			buildActionMask = 2147483647;
			files = (
			);
			runOnlyForDeploymentPostprocessing = 0;
		};
/* End PBXFrameworksBuildPhase section */

/* Begin PBXGroup section */
		EC63946D1C4616DE00AADB97 = {
			isa = PBXGroup;
			children = (
				EC6394781C4616DE00AADB97 /* DQYShowMessage */,
				EC6394921C4616DE00AADB97 /* DQYShowMessageTests */,
				EC63949D1C4616DE00AADB97 /* DQYShowMessageUITests */,
				EC6394771C4616DE00AADB97 /* Products */,
			);
			sourceTree = "<group>";
		};
		EC6394771C4616DE00AADB97 /* Products */ = {
			isa = PBXGroup;
			children = (
				EC6394761C4616DE00AADB97 /* DQYShowMessage.app */,
				EC63948F1C4616DE00AADB97 /* DQYShowMessageTests.xctest */,
				EC63949A1C4616DE00AADB97 /* DQYShowMessageUITests.xctest */,
			);
			name = Products;
			sourceTree = "<group>";
		};
		EC6394781C4616DE00AADB97 /* DQYShowMessage */ = {
			isa = PBXGroup;
			children = (
				EC63947C1C4616DE00AADB97 /* AppDelegate.h */,
				EC63947D1C4616DE00AADB97 /* AppDelegate.m */,
				EC63947F1C4616DE00AADB97 /* ViewController.h */,
				EC6394801C4616DE00AADB97 /* ViewController.m */,
				EC6394821C4616DE00AADB97 /* Main.storyboard */,
				EC6394851C4616DE00AADB97 /* Assets.xcassets */,
				EC6394871C4616DE00AADB97 /* LaunchScreen.storyboard */,
				EC63948A1C4616DE00AADB97 /* Info.plist */,
				EC6394791C4616DE00AADB97 /* Supporting Files */,
				EC6394AC1C4616FC00AADB97 /* DQYShowMessage.h */,
				EC6394AD1C4616FC00AADB97 /* DQYShowMessage.m */,
			);
			path = DQYShowMessage;
			sourceTree = "<group>";
		};
		EC6394791C4616DE00AADB97 /* Supporting Files */ = {
			isa = PBXGroup;
			children = (
				EC63947A1C4616DE00AADB97 /* main.m */,
			);
			name = "Supporting Files";
			sourceTree = "<group>";
		};
		EC6394921C4616DE00AADB97 /* DQYShowMessageTests */ = {
			isa = PBXGroup;
			children = (
				EC6394931C4616DE00AADB97 /* DQYShowMessageTests.m */,
				EC6394951C4616DE00AADB97 /* Info.plist */,
			);
			path = DQYShowMessageTests;
			sourceTree = "<group>";
		};
		EC63949D1C4616DE00AADB97 /* DQYShowMessageUITests */ = {
			isa = PBXGroup;
			children = (
				EC63949E1C4616DE00AADB97 /* DQYShowMessageUITests.m */,
				EC6394A01C4616DE00AADB97 /* Info.plist */,
			);
			path = DQYShowMessageUITests;
			sourceTree = "<group>";
		};
/* End PBXGroup section */

/* Begin PBXNativeTarget section */
		EC6394751C4616DE00AADB97 /* DQYShowMessage */ = {
			isa = PBXNativeTarget;
			buildConfigurationList = EC6394A31C4616DE00AADB97 /* Build configuration list for PBXNativeTarget "DQYShowMessage" */;
			buildPhases = (
				EC6394721C4616DE00AADB97 /* Sources */,
				EC6394731C4616DE00AADB97 /* Frameworks */,
				EC6394741C4616DE00AADB97 /* Resources */,
			);
			buildRules = (
			);
			dependencies = (
			);
			name = DQYShowMessage;
			productName = DQYShowMessage;
			productReference = EC6394761C4616DE00AADB97 /* DQYShowMessage.app */;
			productType = "com.apple.product-type.application";
		};
		EC63948E1C4616DE00AADB97 /* DQYShowMessageTests */ = {
			isa = PBXNativeTarget;
			buildConfigurationList = EC6394A61C4616DE00AADB97 /* Build configuration list for PBXNativeTarget "DQYShowMessageTests" */;
			buildPhases = (
				EC63948B1C4616DE00AADB97 /* Sources */,
				EC63948C1C4616DE00AADB97 /* Frameworks */,
				EC63948D1C4616DE00AADB97 /* Resources */,
			);
			buildRules = (
			);
			dependencies = (
				EC6394911C4616DE00AADB97 /* PBXTargetDependency */,
			);
			name = DQYShowMessageTests;
			productName = DQYShowMessageTests;
			productReference = EC63948F1C4616DE00AADB97 /* DQYShowMessageTests.xctest */;
			productType = "com.apple.product-type.bundle.unit-test";
		};
		EC6394991C4616DE00AADB97 /* DQYShowMessageUITests */ = {
			isa = PBXNativeTarget;
			buildConfigurationList = EC6394A91C4616DE00AADB97 /* Build configuration list for PBXNativeTarget "DQYShowMessageUITests" */;
			buildPhases = (
				EC6394961C4616DE00AADB97 /* Sources */,
				EC6394971C4616DE00AADB97 /* Frameworks */,
				EC6394981C4616DE00AADB97 /* Resources */,
			);
			buildRules = (
			);
			dependencies = (
				EC63949C1C4616DE00AADB97 /* PBXTargetDependency */,
			);
			name = DQYShowMessageUITests;
			productName = DQYShowMessageUITests;
			productReference = EC63949A1C4616DE00AADB97 /* DQYShowMessageUITests.xctest */;
			productType = "com.apple.product-type.bundle.ui-testing";
		};
/* End PBXNativeTarget section */

/* Begin PBXProject section */
		EC63946E1C4616DE00AADB97 /* Project object */ = {
			isa = PBXProject;
			attributes = {
				LastUpgradeCheck = 0720;
				ORGANIZATIONNAME = dqy;
				TargetAttributes = {
					EC6394751C4616DE00AADB97 = {
						CreatedOnToolsVersion = 7.2;
					};
					EC63948E1C4616DE00AADB97 = {
						CreatedOnToolsVersion = 7.2;
						TestTargetID = EC6394751C4616DE00AADB97;
					};
					EC6394991C4616DE00AADB97 = {
						CreatedOnToolsVersion = 7.2;
						TestTargetID = EC6394751C4616DE00AADB97;
					};
				};
			};
			buildConfigurationList = EC6394711C4616DE00AADB97 /* Build configuration list for PBXProject "DQYShowMessage" */;
			compatibilityVersion = "Xcode 3.2";
			developmentRegion = English;
			hasScannedForEncodings = 0;
			knownRegions = (
				en,
				Base,
			);
			mainGroup = EC63946D1C4616DE00AADB97;
			productRefGroup = EC6394771C4616DE00AADB97 /* Products */;
			projectDirPath = "";
			projectRoot = "";
			targets = (
				EC6394751C4616DE00AADB97 /* DQYShowMessage */,
				EC63948E1C4616DE00AADB97 /* DQYShowMessageTests */,
				EC6394991C4616DE00AADB97 /* DQYShowMessageUITests */,
			);
		};
/* End PBXProject section */

/* Begin PBXResourcesBuildPhase section */
		EC6394741C4616DE00AADB97 /* Resources */ = {
			isa = PBXResourcesBuildPhase;
			buildActionMask = 2147483647;
			files = (
				EC6394891C4616DE00AADB97 /* LaunchScreen.storyboard in Resources */,
				EC6394861C4616DE00AADB97 /* Assets.xcassets in Resources */,
				EC6394841C4616DE00AADB97 /* Main.storyboard in Resources */,
			);
			runOnlyForDeploymentPostprocessing = 0;
		};
		EC63948D1C4616DE00AADB97 /* Resources */ = {
			isa = PBXResourcesBuildPhase;
			buildActionMask = 2147483647;
			files = (
			);
			runOnlyForDeploymentPostprocessing = 0;
		};
		EC6394981C4616DE00AADB97 /* Resources */ = {
			isa = PBXResourcesBuildPhase;
			buildActionMask = 2147483647;
			files = (
			);
			runOnlyForDeploymentPostprocessing = 0;
		};
/* End PBXResourcesBuildPhase section */

/* Begin PBXSourcesBuildPhase section */
		EC6394721C4616DE00AADB97 /* Sources */ = {
			isa = PBXSourcesBuildPhase;
			buildActionMask = 2147483647;
			files = (
				EC6394811C4616DE00AADB97 /* ViewController.m in Sources */,
				EC63947E1C4616DE00AADB97 /* AppDelegate.m in Sources */,
				EC63947B1C4616DE00AADB97 /* main.m in Sources */,
				EC6394AE1C4616FC00AADB97 /* DQYShowMessage.m in Sources */,
			);
			runOnlyForDeploymentPostprocessing = 0;
		};
		EC63948B1C4616DE00AADB97 /* Sources */ = {
			isa = PBXSourcesBuildPhase;
			buildActionMask = 2147483647;
			files = (
				EC6394941C4616DE00AADB97 /* DQYShowMessageTests.m in Sources */,
			);
			runOnlyForDeploymentPostprocessing = 0;
		};
		EC6394961C4616DE00AADB97 /* Sources */ = {
			isa = PBXSourcesBuildPhase;
			buildActionMask = 2147483647;
			files = (
				EC63949F1C4616DE00AADB97 /* DQYShowMessageUITests.m in Sources */,
			);
			runOnlyForDeploymentPostprocessing = 0;
		};
/* End PBXSourcesBuildPhase section */

/* Begin PBXTargetDependency section */
		EC6394911C4616DE00AADB97 /* PBXTargetDependency */ = {
			isa = PBXTargetDependency;
			target = EC6394751C4616DE00AADB97 /* DQYShowMessage */;
			targetProxy = EC6394901C4616DE00AADB97 /* PBXContainerItemProxy */;
		};
		EC63949C1C4616DE00AADB97 /* PBXTargetDependency */ = {
			isa = PBXTargetDependency;
			target = EC6394751C4616DE00AADB97 /* DQYShowMessage */;
			targetProxy = EC63949B1C4616DE00AADB97 /* PBXContainerItemProxy */;
		};
/* End PBXTargetDependency section */

/* Begin PBXVariantGroup section */
		EC6394821C4616DE00AADB97 /* Main.storyboard */ = {
			isa = PBXVariantGroup;
			children = (
				EC6394831C4616DE00AADB97 /* Base */,
			);
			name = Main.storyboard;
			sourceTree = "<group>";
		};
		EC6394871C4616DE00AADB97 /* LaunchScreen.storyboard */ = {
			isa = PBXVariantGroup;
			children = (
				EC6394881C4616DE00AADB97 /* Base */,
			);
			name = LaunchScreen.storyboard;
			sourceTree = "<group>";
		};
/* End PBXVariantGroup section */

/* Begin XCBuildConfiguration section */
		EC6394A11C4616DE00AADB97 /* Debug */ = {
			isa = XCBuildConfiguration;
			buildSettings = {
				ALWAYS_SEARCH_USER_PATHS = NO;
				CLANG_CXX_LANGUAGE_STANDARD = "gnu++0x";
				CLANG_CXX_LIBRARY = "libc++";
				CLANG_ENABLE_MODULES = YES;
				CLANG_ENABLE_OBJC_ARC = YES;
				CLANG_WARN_BOOL_CONVERSION = YES;
				CLANG_WARN_CONSTANT_CONVERSION = YES;
				CLANG_WARN_DIRECT_OBJC_ISA_USAGE = YES_ERROR;
				CLANG_WARN_EMPTY_BODY = YES;
				CLANG_WARN_ENUM_CONVERSION = YES;
				CLANG_WARN_INT_CONVERSION = YES;
				CLANG_WARN_OBJC_ROOT_CLASS = YES_ERROR;
				CLANG_WARN_UNREACHABLE_CODE = YES;
				CLANG_WARN__DUPLICATE_METHOD_MATCH = YES;
				"CODE_SIGN_IDENTITY[sdk=iphoneos*]" = "iPhone Developer";
				COPY_PHASE_STRIP = NO;
				DEBUG_INFORMATION_FORMAT = dwarf;
				ENABLE_STRICT_OBJC_MSGSEND = YES;
				ENABLE_TESTABILITY = YES;
				GCC_C_LANGUAGE_STANDARD = gnu99;
				GCC_DYNAMIC_NO_PIC = NO;
				GCC_NO_COMMON_BLOCKS = YES;
				GCC_OPTIMIZATION_LEVEL = 0;
				GCC_PREPROCESSOR_DEFINITIONS = (
					"DEBUG=1",
					"$(inherited)",
				);
				GCC_WARN_64_TO_32_BIT_CONVERSION = YES;
				GCC_WARN_ABOUT_RETURN_TYPE = YES_ERROR;
				GCC_WARN_UNDECLARED_SELECTOR = YES;
				GCC_WARN_UNINITIALIZED_AUTOS = YES_AGGRESSIVE;
				GCC_WARN_UNUSED_FUNCTION = YES;
				GCC_WARN_UNUSED_VARIABLE = YES;
				IPHONEOS_DEPLOYMENT_TARGET = 9.2;
				MTL_ENABLE_DEBUG_INFO = YES;
				ONLY_ACTIVE_ARCH = YES;
				SDKROOT = iphoneos;
			};
			name = Debug;
		};
		EC6394A21C4616DE00AADB97 /* Release */ = {
			isa = XCBuildConfiguration;
			buildSettings = {
				ALWAYS_SEARCH_USER_PATHS = NO;
				CLANG_CXX_LANGUAGE_STANDARD = "gnu++0x";
				CLANG_CXX_LIBRARY = "libc++";
				CLANG_ENABLE_MODULES = YES;
				CLANG_ENABLE_OBJC_ARC = YES;
				CLANG_WARN_BOOL_CONVERSION = YES;
				CLANG_WARN_CONSTANT_CONVERSION = YES;
				CLANG_WARN_DIRECT_OBJC_ISA_USAGE = YES_ERROR;
				CLANG_WARN_EMPTY_BODY = YES;
				CLANG_WARN_ENUM_CONVERSION = YES;
				CLANG_WARN_INT_CONVERSION = YES;
				CLANG_WARN_OBJC_ROOT_CLASS = YES_ERROR;
				CLANG_WARN_UNREACHABLE_CODE = YES;
				CLANG_WARN__DUPLICATE_METHOD_MATCH = YES;
				"CODE_SIGN_IDENTITY[sdk=iphoneos*]" = "iPhone Developer";
				COPY_PHASE_STRIP = NO;
				DEBUG_INFORMATION_FORMAT = "dwarf-with-dsym";
				ENABLE_NS_ASSERTIONS = NO;
				ENABLE_STRICT_OBJC_MSGSEND = YES;
				GCC_C_LANGUAGE_STANDARD = gnu99;
				GCC_NO_COMMON_BLOCKS = YES;
				GCC_WARN_64_TO_32_BIT_CONVERSION = YES;
				GCC_WARN_ABOUT_RETURN_TYPE = YES_ERROR;
				GCC_WARN_UNDECLARED_SELECTOR = YES;
				GCC_WARN_UNINITIALIZED_AUTOS = YES_AGGRESSIVE;
				GCC_WARN_UNUSED_FUNCTION = YES;
				GCC_WARN_UNUSED_VARIABLE = YES;
				IPHONEOS_DEPLOYMENT_TARGET = 9.2;
				MTL_ENABLE_DEBUG_INFO = NO;
				SDKROOT = iphoneos;
				VALIDATE_PRODUCT = YES;
			};
			name = Release;
		};
		EC6394A41C4616DE00AADB97 /* Debug */ = {
			isa = XCBuildConfiguration;
			buildSettings = {
				ASSETCATALOG_COMPILER_APPICON_NAME = AppIcon;
				INFOPLIST_FILE = DQYShowMessage/Info.plist;
				LD_RUNPATH_SEARCH_PATHS = "$(inherited) @executable_path/Frameworks";
				PRODUCT_BUNDLE_IDENTIFIER = com.dqy.DQYShowMessage;
				PRODUCT_NAME = "$(TARGET_NAME)";
			};
			name = Debug;
		};
		EC6394A51C4616DE00AADB97 /* Release */ = {
			isa = XCBuildConfiguration;
			buildSettings = {
				ASSETCATALOG_COMPILER_APPICON_NAME = AppIcon;
				INFOPLIST_FILE = DQYShowMessage/Info.plist;
				LD_RUNPATH_SEARCH_PATHS = "$(inherited) @executable_path/Frameworks";
				PRODUCT_BUNDLE_IDENTIFIER = com.dqy.DQYShowMessage;
				PRODUCT_NAME = "$(TARGET_NAME)";
			};
			name = Release;
		};
		EC6394A71C4616DE00AADB97 /* Debug */ = {
			isa = XCBuildConfiguration;
			buildSettings = {
				BUNDLE_LOADER = "$(TEST_HOST)";
				INFOPLIST_FILE = DQYShowMessageTests/Info.plist;
				LD_RUNPATH_SEARCH_PATHS = "$(inherited) @executable_path/Frameworks @loader_path/Frameworks";
				PRODUCT_BUNDLE_IDENTIFIER = com.dqy.DQYShowMessageTests;
				PRODUCT_NAME = "$(TARGET_NAME)";
				TEST_HOST = "$(BUILT_PRODUCTS_DIR)/DQYShowMessage.app/DQYShowMessage";
			};
			name = Debug;
		};
		EC6394A81C4616DE00AADB97 /* Release */ = {
			isa = XCBuildConfiguration;
			buildSettings = {
				BUNDLE_LOADER = "$(TEST_HOST)";
				INFOPLIST_FILE = DQYShowMessageTests/Info.plist;
				LD_RUNPATH_SEARCH_PATHS = "$(inherited) @executable_path/Frameworks @loader_path/Frameworks";
				PRODUCT_BUNDLE_IDENTIFIER = com.dqy.DQYShowMessageTests;
				PRODUCT_NAME = "$(TARGET_NAME)";
				TEST_HOST = "$(BUILT_PRODUCTS_DIR)/DQYShowMessage.app/DQYShowMessage";
			};
			name = Release;
		};
		EC6394AA1C4616DE00AADB97 /* Debug */ = {
			isa = XCBuildConfiguration;
			buildSettings = {
				INFOPLIST_FILE = DQYShowMessageUITests/Info.plist;
				LD_RUNPATH_SEARCH_PATHS = "$(inherited) @executable_path/Frameworks @loader_path/Frameworks";
				PRODUCT_BUNDLE_IDENTIFIER = com.dqy.DQYShowMessageUITests;
				PRODUCT_NAME = "$(TARGET_NAME)";
				TEST_TARGET_NAME = DQYShowMessage;
				USES_XCTRUNNER = YES;
			};
			name = Debug;
		};
		EC6394AB1C4616DE00AADB97 /* Release */ = {
			isa = XCBuildConfiguration;
			buildSettings = {
				INFOPLIST_FILE = DQYShowMessageUITests/Info.plist;
				LD_RUNPATH_SEARCH_PATHS = "$(inherited) @executable_path/Frameworks @loader_path/Frameworks";
				PRODUCT_BUNDLE_IDENTIFIER = com.dqy.DQYShowMessageUITests;
				PRODUCT_NAME = "$(TARGET_NAME)";
				TEST_TARGET_NAME = DQYShowMessage;
				USES_XCTRUNNER = YES;
			};
			name = Release;
		};
/* End XCBuildConfiguration section */

/* Begin XCConfigurationList section */
		EC6394711C4616DE00AADB97 /* Build configuration list for PBXProject "DQYShowMessage" */ = {
			isa = XCConfigurationList;
			buildConfigurations = (
				EC6394A11C4616DE00AADB97 /* Debug */,
				EC6394A21C4616DE00AADB97 /* Release */,
			);
			defaultConfigurationIsVisible = 0;
			defaultConfigurationName = Release;
		};
		EC6394A31C4616DE00AADB97 /* Build configuration list for PBXNativeTarget "DQYShowMessage" */ = {
			isa = XCConfigurationList;
			buildConfigurations = (
				EC6394A41C4616DE00AADB97 /* Debug */,
				EC6394A51C4616DE00AADB97 /* Release */,
			);
			defaultConfigurationIsVisible = 0;
		};
		EC6394A61C4616DE00AADB97 /* Build configuration list for PBXNativeTarget "DQYShowMessageTests" */ = {
			isa = XCConfigurationList;
			buildConfigurations = (
				EC6394A71C4616DE00AADB97 /* Debug */,
				EC6394A81C4616DE00AADB97 /* Release */,
			);
			defaultConfigurationIsVisible = 0;
		};
		EC6394A91C4616DE00AADB97 /* Build configuration list for PBXNativeTarget "DQYShowMessageUITests" */ = {
			isa = XCConfigurationList;
			buildConfigurations = (
				EC6394AA1C4616DE00AADB97 /* Debug */,
				EC6394AB1C4616DE00AADB97 /* Release */,
			);
			defaultConfigurationIsVisible = 0;
		};
/* End XCConfigurationList section */
	};
	rootObject = EC63946E1C4616DE00AADB97 /* Project object */;
}
